// !$*UTF8*$!
{
	archiveVersion = 1;
	classes = {
	};
	objectVersion = 46;
	objects = {

/* Begin PBXBuildFile section */
		1431D4D51A43C0FE00FA7AD9 /* main.m in Sources */ = {isa = PBXBuildFile; fileRef = 1431D4D41A43C0FE00FA7AD9 /* main.m */; };
		1431D4D81A43C0FE00FA7AD9 /* AppDelegate.m in Sources */ = {isa = PBXBuildFile; fileRef = 1431D4D71A43C0FE00FA7AD9 /* AppDelegate.m */; };
		1431D4DB1A43C0FE00FA7AD9 /* ViewController.m in Sources */ = {isa = PBXBuildFile; fileRef = 1431D4DA1A43C0FE00FA7AD9 /* ViewController.m */; };
		1431D4DE1A43C0FE00FA7AD9 /* Main.storyboard in Resources */ = {isa = PBXBuildFile; fileRef = 1431D4DC1A43C0FE00FA7AD9 /* Main.storyboard */; };
		1431D4E01A43C0FE00FA7AD9 /* Images.xcassets in Resources */ = {isa = PBXBuildFile; fileRef = 1431D4DF1A43C0FE00FA7AD9 /* Images.xcassets */; };
		1431D4E31A43C0FE00FA7AD9 /* LaunchScreen.xib in Resources */ = {isa = PBXBuildFile; fileRef = 1431D4E11A43C0FE00FA7AD9 /* LaunchScreen.xib */; };
		1431D4EF1A43C0FE00FA7AD9 /* DSCalendarTests.m in Sources */ = {isa = PBXBuildFile; fileRef = 1431D4EE1A43C0FE00FA7AD9 /* DSCalendarTests.m */; };
/* End PBXBuildFile section */

/* Begin PBXContainerItemProxy section */
		1431D4E91A43C0FE00FA7AD9 /* PBXContainerItemProxy */ = {
			isa = PBXContainerItemProxy;
			containerPortal = 1431D4C71A43C0FE00FA7AD9 /* Project object */;
			proxyType = 1;
			remoteGlobalIDString = 1431D4CE1A43C0FE00FA7AD9;
			remoteInfo = DSCalendar;
		};
/* End PBXContainerItemProxy section */

/* Begin PBXFileReference section */
		1431D4CF1A43C0FE00FA7AD9 /* DSCalendar.app */ = {isa = PBXFileReference; explicitFileType = wrapper.application; includeInIndex = 0; path = DSCalendar.app; sourceTree = BUILT_PRODUCTS_DIR; };
		1431D4D31A43C0FE00FA7AD9 /* Info.plist */ = {isa = PBXFileReference; lastKnownFileType = text.plist.xml; path = Info.plist; sourceTree = "<group>"; };
		1431D4D41A43C0FE00FA7AD9 /* main.m */ = {isa = PBXFileReference; lastKnownFileType = sourcecode.c.objc; path = main.m; sourceTree = "<group>"; };
		1431D4D61A43C0FE00FA7AD9 /* AppDelegate.h */ = {isa = PBXFileReference; lastKnownFileType = sourcecode.c.h; path = AppDelegate.h; sourceTree = "<group>"; };
		1431D4D71A43C0FE00FA7AD9 /* AppDelegate.m */ = {isa = PBXFileReference; lastKnownFileType = sourcecode.c.objc; path = AppDelegate.m; sourceTree = "<group>"; };
		1431D4D91A43C0FE00FA7AD9 /* ViewController.h */ = {isa = PBXFileReference; lastKnownFileType = sourcecode.c.h; path = ViewController.h; sourceTree = "<group>"; };
		1431D4DA1A43C0FE00FA7AD9 /* ViewController.m */ = {isa = PBXFileReference; lastKnownFileType = sourcecode.c.objc; path = ViewController.m; sourceTree = "<group>"; };
		1431D4DD1A43C0FE00FA7AD9 /* Base */ = {isa = PBXFileReference; lastKnownFileType = file.storyboard; name = Base; path = Base.lproj/Main.storyboard; sourceTree = "<group>"; };
		1431D4DF1A43C0FE00FA7AD9 /* Images.xcassets */ = {isa = PBXFileReference; lastKnownFileType = folder.assetcatalog; path = Images.xcassets; sourceTree = "<group>"; };
		1431D4E21A43C0FE00FA7AD9 /* Base */ = {isa = PBXFileReference; lastKnownFileType = file.xib; name = Base; path = Base.lproj/LaunchScreen.xib; sourceTree = "<group>"; };
		1431D4E81A43C0FE00FA7AD9 /* DSCalendarTests.xctest */ = {isa = PBXFileReference; explicitFileType = wrapper.cfbundle; includeInIndex = 0; path = DSCalendarTests.xctest; sourceTree = BUILT_PRODUCTS_DIR; };
		1431D4ED1A43C0FE00FA7AD9 /* Info.plist */ = {isa = PBXFileReference; lastKnownFileType = text.plist.xml; path = Info.plist; sourceTree = "<group>"; };
		1431D4EE1A43C0FE00FA7AD9 /* DSCalendarTests.m */ = {isa = PBXFileReference; lastKnownFileType = sourcecode.c.objc; path = DSCalendarTests.m; sourceTree = "<group>"; };
/* End PBXFileReference section */

/* Begin PBXFrameworksBuildPhase section */
		1431D4CC1A43C0FE00FA7AD9 /* Frameworks */ = {
			isa = PBXFrameworksBuildPhase;
			buildActionMask = 2147483647;
			files = (
			);
			runOnlyForDeploymentPostprocessing = 0;
		};
		1431D4E51A43C0FE00FA7AD9 /* Frameworks */ = {
			isa = PBXFrameworksBuildPhase;
			buildActionMask = 2147483647;
			files = (
			);
			runOnlyForDeploymentPostprocessing = 0;
		};
/* End PBXFrameworksBuildPhase section */

/* Begin PBXGroup section */
		1431D4C61A43C0FE00FA7AD9 = {
			isa = PBXGroup;
			children = (
				1431D4D11A43C0FE00FA7AD9 /* DSCalendar */,
				1431D4EB1A43C0FE00FA7AD9 /* DSCalendarTests */,
				1431D4D01A43C0FE00FA7AD9 /* Products */,
			);
			sourceTree = "<group>";
		};
		1431D4D01A43C0FE00FA7AD9 /* Products */ = {
			isa = PBXGroup;
			children = (
				1431D4CF1A43C0FE00FA7AD9 /* DSCalendar.app */,
				1431D4E81A43C0FE00FA7AD9 /* DSCalendarTests.xctest */,
			);
			name = Products;
			sourceTree = "<group>";
		};
		1431D4D11A43C0FE00FA7AD9 /* DSCalendar */ = {
			isa = PBXGroup;
			children = (
				1431D4D61A43C0FE00FA7AD9 /* AppDelegate.h */,
				1431D4D71A43C0FE00FA7AD9 /* AppDelegate.m */,
				1431D4D91A43C0FE00FA7AD9 /* ViewController.h */,
				1431D4DA1A43C0FE00FA7AD9 /* ViewController.m */,
				1431D4DC1A43C0FE00FA7AD9 /* Main.storyboard */,
				1431D4DF1A43C0FE00FA7AD9 /* Images.xcassets */,
				1431D4E11A43C0FE00FA7AD9 /* LaunchScreen.xib */,
				1431D4D21A43C0FE00FA7AD9 /* Supporting Files */,
			);
			path = DSCalendar;
			sourceTree = "<group>";
		};
		1431D4D21A43C0FE00FA7AD9 /* Supporting Files */ = {
			isa = PBXGroup;
			children = (
				1431D4D31A43C0FE00FA7AD9 /* Info.plist */,
				1431D4D41A43C0FE00FA7AD9 /* main.m */,
			);
			name = "Supporting Files";
			sourceTree = "<group>";
		};
		1431D4EB1A43C0FE00FA7AD9 /* DSCalendarTests */ = {
			isa = PBXGroup;
			children = (
				1431D4EE1A43C0FE00FA7AD9 /* DSCalendarTests.m */,
				1431D4EC1A43C0FE00FA7AD9 /* Supporting Files */,
			);
			path = DSCalendarTests;
			sourceTree = "<group>";
		};
		1431D4EC1A43C0FE00FA7AD9 /* Supporting Files */ = {
			isa = PBXGroup;
			children = (
				1431D4ED1A43C0FE00FA7AD9 /* Info.plist */,
			);
			name = "Supporting Files";
			sourceTree = "<group>";
		};
/* End PBXGroup section */

/* Begin PBXNativeTarget section */
		1431D4CE1A43C0FE00FA7AD9 /* DSCalendar */ = {
			isa = PBXNativeTarget;
			buildConfigurationList = 1431D4F21A43C0FE00FA7AD9 /* Build configuration list for PBXNativeTarget "DSCalendar" */;
			buildPhases = (
				1431D4CB1A43C0FE00FA7AD9 /* Sources */,
				1431D4CC1A43C0FE00FA7AD9 /* Frameworks */,
				1431D4CD1A43C0FE00FA7AD9 /* Resources */,
			);
			buildRules = (
			);
			dependencies = (
			);
			name = DSCalendar;
			productName = DSCalendar;
			productReference = 1431D4CF1A43C0FE00FA7AD9 /* DSCalendar.app */;
			productType = "com.apple.product-type.application";
		};
		1431D4E71A43C0FE00FA7AD9 /* DSCalendarTests */ = {
			isa = PBXNativeTarget;
			buildConfigurationList = 1431D4F51A43C0FE00FA7AD9 /* Build configuration list for PBXNativeTarget "DSCalendarTests" */;
			buildPhases = (
				1431D4E41A43C0FE00FA7AD9 /* Sources */,
				1431D4E51A43C0FE00FA7AD9 /* Frameworks */,
				1431D4E61A43C0FE00FA7AD9 /* Resources */,
			);
			buildRules = (
			);
			dependencies = (
				1431D4EA1A43C0FE00FA7AD9 /* PBXTargetDependency */,
			);
			name = DSCalendarTests;
			productName = DSCalendarTests;
			productReference = 1431D4E81A43C0FE00FA7AD9 /* DSCalendarTests.xctest */;
			productType = "com.apple.product-type.bundle.unit-test";
		};
/* End PBXNativeTarget section */

/* Begin PBXProject section */
		1431D4C71A43C0FE00FA7AD9 /* Project object */ = {
			isa = PBXProject;
			attributes = {
				LastUpgradeCheck = 0610;
				ORGANIZATIONNAME = "Sean Yang";
				TargetAttributes = {
					1431D4CE1A43C0FE00FA7AD9 = {
						CreatedOnToolsVersion = 6.1;
					};
					1431D4E71A43C0FE00FA7AD9 = {
						CreatedOnToolsVersion = 6.1;
						TestTargetID = 1431D4CE1A43C0FE00FA7AD9;
					};
				};
			};
			buildConfigurationList = 1431D4CA1A43C0FE00FA7AD9 /* Build configuration list for PBXProject "DSCalendar" */;
			compatibilityVersion = "Xcode 3.2";
			developmentRegion = English;
			hasScannedForEncodings = 0;
			knownRegions = (
				en,
				Base,
			);
			mainGroup = 1431D4C61A43C0FE00FA7AD9;
			productRefGroup = 1431D4D01A43C0FE00FA7AD9 /* Products */;
			projectDirPath = "";
			projectRoot = "";
			targets = (
				1431D4CE1A43C0FE00FA7AD9 /* DSCalendar */,
				1431D4E71A43C0FE00FA7AD9 /* DSCalendarTests */,
			);
		};
/* End PBXProject section */

/* Begin PBXResourcesBuildPhase section */
		1431D4CD1A43C0FE00FA7AD9 /* Resources */ = {
			isa = PBXResourcesBuildPhase;
			buildActionMask = 2147483647;
			files = (
				1431D4DE1A43C0FE00FA7AD9 /* Main.storyboard in Resources */,
				1431D4E31A43C0FE00FA7AD9 /* LaunchScreen.xib in Resources */,
				1431D4E01A43C0FE00FA7AD9 /* Images.xcassets in Resources */,
			);
			runOnlyForDeploymentPostprocessing = 0;
		};
		1431D4E61A43C0FE00FA7AD9 /* Resources */ = {
			isa = PBXResourcesBuildPhase;
			buildActionMask = 2147483647;
			files = (
			);
			runOnlyForDeploymentPostprocessing = 0;
		};
/* End PBXResourcesBuildPhase section */

/* Begin PBXSourcesBuildPhase section */
		1431D4CB1A43C0FE00FA7AD9 /* Sources */ = {
			isa = PBXSourcesBuildPhase;
			buildActionMask = 2147483647;
			files = (
				1431D4DB1A43C0FE00FA7AD9 /* ViewController.m in Sources */,
				1431D4D81A43C0FE00FA7AD9 /* AppDelegate.m in Sources */,
				1431D4D51A43C0FE00FA7AD9 /* main.m in Sources */,
			);
			runOnlyForDeploymentPostprocessing = 0;
		};
		1431D4E41A43C0FE00FA7AD9 /* Sources */ = {
			isa = PBXSourcesBuildPhase;
			buildActionMask = 2147483647;
			files = (
				1431D4EF1A43C0FE00FA7AD9 /* DSCalendarTests.m in Sources */,
			);
			runOnlyForDeploymentPostprocessing = 0;
		};
/* End PBXSourcesBuildPhase section */

/* Begin PBXTargetDependency section */
		1431D4EA1A43C0FE00FA7AD9 /* PBXTargetDependency */ = {
			isa = PBXTargetDependency;
			target = 1431D4CE1A43C0FE00FA7AD9 /* DSCalendar */;
			targetProxy = 1431D4E91A43C0FE00FA7AD9 /* PBXContainerItemProxy */;
		};
/* End PBXTargetDependency section */

/* Begin PBXVariantGroup section */
		1431D4DC1A43C0FE00FA7AD9 /* Main.storyboard */ = {
			isa = PBXVariantGroup;
			children = (
				1431D4DD1A43C0FE00FA7AD9 /* Base */,
			);
			name = Main.storyboard;
			sourceTree = "<group>";
		};
		1431D4E11A43C0FE00FA7AD9 /* LaunchScreen.xib */ = {
			isa = PBXVariantGroup;
			children = (
				1431D4E21A43C0FE00FA7AD9 /* Base */,
			);
			name = LaunchScreen.xib;
			sourceTree = "<group>";
		};
/* End PBXVariantGroup section */

/* Begin XCBuildConfiguration section */
		1431D4F01A43C0FE00FA7AD9 /* Debug */ = {
			isa = XCBuildConfiguration;
			buildSettings = {
				ALWAYS_SEARCH_USER_PATHS = NO;
				CLANG_CXX_LANGUAGE_STANDARD = "gnu++0x";
				CLANG_CXX_LIBRARY = "libc++";
				CLANG_ENABLE_MODULES = YES;
				CLANG_ENABLE_OBJC_ARC = YES;
				CLANG_WARN_BOOL_CONVERSION = YES;
				CLANG_WARN_CONSTANT_CONVERSION = YES;
				CLANG_WARN_DIRECT_OBJC_ISA_USAGE = YES_ERROR;
				CLANG_WARN_EMPTY_BODY = YES;
				CLANG_WARN_ENUM_CONVERSION = YES;
				CLANG_WARN_INT_CONVERSION = YES;
				CLANG_WARN_OBJC_ROOT_CLASS = YES_ERROR;
				CLANG_WARN_UNREACHABLE_CODE = YES;
				CLANG_WARN__DUPLICATE_METHOD_MATCH = YES;
				"CODE_SIGN_IDENTITY[sdk=iphoneos*]" = "iPhone Developer";
				COPY_PHASE_STRIP = NO;
				ENABLE_STRICT_OBJC_MSGSEND = YES;
				GCC_C_LANGUAGE_STANDARD = gnu99;
				GCC_DYNAMIC_NO_PIC = NO;
				GCC_OPTIMIZATION_LEVEL = 0;
				GCC_PREPROCESSOR_DEFINITIONS = (
					"DEBUG=1",
					"$(inherited)",
				);
				GCC_SYMBOLS_PRIVATE_EXTERN = NO;
				GCC_WARN_64_TO_32_BIT_CONVERSION = YES;
				GCC_WARN_ABOUT_RETURN_TYPE = YES_ERROR;
				GCC_WARN_UNDECLARED_SELECTOR = YES;
				GCC_WARN_UNINITIALIZED_AUTOS = YES_AGGRESSIVE;
				GCC_WARN_UNUSED_FUNCTION = YES;
				GCC_WARN_UNUSED_VARIABLE = YES;
				IPHONEOS_DEPLOYMENT_TARGET = 8.1;
				MTL_ENABLE_DEBUG_INFO = YES;
				ONLY_ACTIVE_ARCH = YES;
				SDKROOT = iphoneos;
				TARGETED_DEVICE_FAMILY = "1,2";
			};
			name = Debug;
		};
		1431D4F11A43C0FE00FA7AD9 /* Release */ = {
			isa = XCBuildConfiguration;
			buildSettings = {
				ALWAYS_SEARCH_USER_PATHS = NO;
				CLANG_CXX_LANGUAGE_STANDARD = "gnu++0x";
				CLANG_CXX_LIBRARY = "libc++";
				CLANG_ENABLE_MODULES = YES;
				CLANG_ENABLE_OBJC_ARC = YES;
				CLANG_WARN_BOOL_CONVERSION = YES;
				CLANG_WARN_CONSTANT_CONVERSION = YES;
				CLANG_WARN_DIRECT_OBJC_ISA_USAGE = YES_ERROR;
				CLANG_WARN_EMPTY_BODY = YES;
				CLANG_WARN_ENUM_CONVERSION = YES;
				CLANG_WARN_INT_CONVERSION = YES;
				CLANG_WARN_OBJC_ROOT_CLASS = YES_ERROR;
				CLANG_WARN_UNREACHABLE_CODE = YES;
				CLANG_WARN__DUPLICATE_METHOD_MATCH = YES;
				"CODE_SIGN_IDENTITY[sdk=iphoneos*]" = "iPhone Developer";
				COPY_PHASE_STRIP = YES;
				ENABLE_NS_ASSERTIONS = NO;
				ENABLE_STRICT_OBJC_MSGSEND = YES;
				GCC_C_LANGUAGE_STANDARD = gnu99;
				GCC_WARN_64_TO_32_BIT_CONVERSION = YES;
				GCC_WARN_ABOUT_RETURN_TYPE = YES_ERROR;
				GCC_WARN_UNDECLARED_SELECTOR = YES;
				GCC_WARN_UNINITIALIZED_AUTOS = YES_AGGRESSIVE;
				GCC_WARN_UNUSED_FUNCTION = YES;
				GCC_WARN_UNUSED_VARIABLE = YES;
				IPHONEOS_DEPLOYMENT_TARGET = 8.1;
				MTL_ENABLE_DEBUG_INFO = NO;
				SDKROOT = iphoneos;
				TARGETED_DEVICE_FAMILY = "1,2";
				VALIDATE_PRODUCT = YES;
			};
			name = Release;
		};
		1431D4F31A43C0FE00FA7AD9 /* Debug */ = {
			isa = XCBuildConfiguration;
			buildSettings = {
				ASSETCATALOG_COMPILER_APPICON_NAME = AppIcon;
				INFOPLIST_FILE = DSCalendar/Info.plist;
				LD_RUNPATH_SEARCH_PATHS = "$(inherited) @executable_path/Frameworks";
				PRODUCT_NAME = "$(TARGET_NAME)";
			};
			name = Debug;
		};
		1431D4F41A43C0FE00FA7AD9 /* Release */ = {
			isa = XCBuildConfiguration;
			buildSettings = {
				ASSETCATALOG_COMPILER_APPICON_NAME = AppIcon;
				INFOPLIST_FILE = DSCalendar/Info.plist;
				LD_RUNPATH_SEARCH_PATHS = "$(inherited) @executable_path/Frameworks";
				PRODUCT_NAME = "$(TARGET_NAME)";
			};
			name = Release;
		};
		1431D4F61A43C0FE00FA7AD9 /* Debug */ = {
			isa = XCBuildConfiguration;
			buildSettings = {
				BUNDLE_LOADER = "$(TEST_HOST)";
				FRAMEWORK_SEARCH_PATHS = (
					"$(SDKROOT)/Developer/Library/Frameworks",
					"$(inherited)",
				);
				GCC_PREPROCESSOR_DEFINITIONS = (
					"DEBUG=1",
					"$(inherited)",
				);
				INFOPLIST_FILE = DSCalendarTests/Info.plist;
				LD_RUNPATH_SEARCH_PATHS = "$(inherited) @executable_path/Frameworks @loader_path/Frameworks";
				PRODUCT_NAME = "$(TARGET_NAME)";
				TEST_HOST = "$(BUILT_PRODUCTS_DIR)/DSCalendar.app/DSCalendar";
			};
			name = Debug;
		};
		1431D4F71A43C0FE00FA7AD9 /* Release */ = {
			isa = XCBuildConfiguration;
			buildSettings = {
				BUNDLE_LOADER = "$(TEST_HOST)";
				FRAMEWORK_SEARCH_PATHS = (
					"$(SDKROOT)/Developer/Library/Frameworks",
					"$(inherited)",
				);
				INFOPLIST_FILE = DSCalendarTests/Info.plist;
				LD_RUNPATH_SEARCH_PATHS = "$(inherited) @executable_path/Frameworks @loader_path/Frameworks";
				PRODUCT_NAME = "$(TARGET_NAME)";
				TEST_HOST = "$(BUILT_PRODUCTS_DIR)/DSCalendar.app/DSCalendar";
			};
			name = Release;
		};
/* End XCBuildConfiguration section */

/* Begin XCConfigurationList section */
		1431D4CA1A43C0FE00FA7AD9 /* Build configuration list for PBXProject "DSCalendar" */ = {
			isa = XCConfigurationList;
			buildConfigurations = (
				1431D4F01A43C0FE00FA7AD9 /* Debug */,
				1431D4F11A43C0FE00FA7AD9 /* Release */,
			);
			defaultConfigurationIsVisible = 0;
			defaultConfigurationName = Release;
		};
		1431D4F21A43C0FE00FA7AD9 /* Build configuration list for PBXNativeTarget "DSCalendar" */ = {
			isa = XCConfigurationList;
			buildConfigurations = (
				1431D4F31A43C0FE00FA7AD9 /* Debug */,
				1431D4F41A43C0FE00FA7AD9 /* Release */,
			);
			defaultConfigurationIsVisible = 0;
		};
		1431D4F51A43C0FE00FA7AD9 /* Build configuration list for PBXNativeTarget "DSCalendarTests" */ = {
			isa = XCConfigurationList;
			buildConfigurations = (
				1431D4F61A43C0FE00FA7AD9 /* Debug */,
				1431D4F71A43C0FE00FA7AD9 /* Release */,
			);
			defaultConfigurationIsVisible = 0;
		};
/* End XCConfigurationList section */
	};
	rootObject = 1431D4C71A43C0FE00FA7AD9 /* Project object */;
}
